
Microsoft Visual Studio Solution File, Format Version 12.00
# Visual Studio 15
VisualStudioVersion = 15.0.28307.489
MinimumVisualStudioVersion = 10.0.40219.1
Project("{FAE04EC0-301F-11D3-BF4B-00C04F79EFBC}") = "Video_rental_fv", "Video_rental_fv\Video_rental_fv.csproj", "{9D7E8248-99C5-455A-AECB-041F27C3FC49}"
EndProject
Project("{FAE04EC0-301F-11D3-BF4B-00C04F79EFBC}") = "Video_rental_fvTests", "Video_rental_fvTests\Video_rental_fvTests.csproj", "{4972AEB4-BBFF-4E5B-A0E2-F495153C5078}"
EndProject
Global
	GlobalSection(SolutionConfigurationPlatforms) = preSolution
		Debug|Any CPU = Debug|Any CPU
		Release|Any CPU = Release|Any CPU
	EndGlobalSection
	GlobalSection(ProjectConfigurationPlatforms) = postSolution
		{9D7E8248-99C5-455A-AECB-041F27C3FC49}.Debug|Any CPU.ActiveCfg = Debug|Any CPU
		{9D7E8248-99C5-455A-AECB-041F27C3FC49}.Debug|Any CPU.Build.0 = Debug|Any CPU
		{9D7E8248-99C5-455A-AECB-041F27C3FC49}.Release|Any CPU.ActiveCfg = Release|Any CPU
		{9D7E8248-99C5-455A-AECB-041F27C3FC49}.Release|Any CPU.Build.0 = Release|Any CPU
		{4972AEB4-BBFF-4E5B-A0E2-F495153C5078}.Debug|Any CPU.ActiveCfg = Debug|Any CPU
		{4972AEB4-BBFF-4E5B-A0E2-F495153C5078}.Debug|Any CPU.Build.0 = Debug|Any CPU
		{4972AEB4-BBFF-4E5B-A0E2-F495153C5078}.Release|Any CPU.ActiveCfg = Release|Any CPU
		{4972AEB4-BBFF-4E5B-A0E2-F495153C5078}.Release|Any CPU.Build.0 = Release|Any CPU
	EndGlobalSection
	GlobalSection(SolutionProperties) = preSolution
		HideSolutionNode = FALSE
	EndGlobalSection
	GlobalSection(ExtensibilityGlobals) = postSolution
		SolutionGuid = {0F0F9508-0E21-47DB-884A-62B260A998E7}
	EndGlobalSection
EndGlobal
